
Microsoft Visual Studio Solution File, Format Version 12.00
# Visual Studio Version 17
VisualStudioVersion = 17.5.002.0
MinimumVisualStudioVersion = 10.0.40219.1
Project("{2150E333-8FDC-42A3-9474-1A3956D46DE8}") = "csharp-prep", "csharp-prep", "{9A4C2D36-6DE8-4FEC-ACF0-F8DA2F68B7AF}"
EndProject
Project("{9A19103F-16F7-4668-BE54-9A1E7A4F7556}") = "Prep1", "csharp-prep\Prep1\Prep1.csproj", "{D1B28426-2636-460F-BF5A-F3A3259102D4}"
EndProject
Project("{9A19103F-16F7-4668-BE54-9A1E7A4F7556}") = "Prep2", "csharp-prep\Prep2\Prep2.csproj", "{2D6B2F87-3064-4609-9177-203838CDDE34}"
EndProject
Project("{9A19103F-16F7-4668-BE54-9A1E7A4F7556}") = "Prep3", "csharp-prep\Prep3\Prep3.csproj", "{B6091591-57CE-41AC-88C5-F4DBE39C7978}"
EndProject
Project("{9A19103F-16F7-4668-BE54-9A1E7A4F7556}") = "Prep4", "csharp-prep\Prep4\Prep4.csproj", "{7C7C4782-9400-46E0-80A1-73778F333AD7}"
EndProject
Project("{9A19103F-16F7-4668-BE54-9A1E7A4F7556}") = "Prep5", "csharp-prep\Prep5\Prep5.csproj", "{74CDECEC-E0ED-44E1-B4DE-A0E3E0BE407D}"
EndProject
Project("{2150E333-8FDC-42A3-9474-1A3956D46DE8}") = "final", "final", "{6EE05624-5997-4C4D-8C45-879FDD428003}"
EndProject
Project("{9A19103F-16F7-4668-BE54-9A1E7A4F7556}") = "FinalProject", "final\FinalProject\FinalProject.csproj", "{F9768412-1791-49DE-AF1F-75B1650E36A6}"
EndProject
Project("{9A19103F-16F7-4668-BE54-9A1E7A4F7556}") = "Foundation1", "final\Foundation1\Foundation1.csproj", "{356067DA-1C56-45EE-9E81-A4C4306E2CF1}"
EndProject
Project("{9A19103F-16F7-4668-BE54-9A1E7A4F7556}") = "Foundation2", "final\Foundation2\Foundation2.csproj", "{247D65D4-7ACC-4A9F-8837-91B2ED65DA95}"
EndProject
Project("{9A19103F-16F7-4668-BE54-9A1E7A4F7556}") = "Foundation3", "final\Foundation3\Foundation3.csproj", "{5E6F7DA4-4098-4387-8B54-220DDCEFEE66}"
EndProject
Project("{9A19103F-16F7-4668-BE54-9A1E7A4F7556}") = "Foundation4", "final\Foundation4\Foundation4.csproj", "{9D9AA084-FBA6-4D69-84A1-4A0BB2119FE7}"
EndProject
Project("{2150E333-8FDC-42A3-9474-1A3956D46DE8}") = "prepare", "prepare", "{476CC864-6160-4228-85D6-393E4428818E}"
EndProject
Project("{9A19103F-16F7-4668-BE54-9A1E7A4F7556}") = "Learning02", "prepare\Learning02\Learning02.csproj", "{7CC84FC6-AAC3-4511-9653-13158A82B0EA}"
EndProject
Project("{9A19103F-16F7-4668-BE54-9A1E7A4F7556}") = "Learning03", "prepare\Learning03\Learning03.csproj", "{ED01343F-D556-4258-B094-B64DCDAFE22C}"
EndProject
Project("{9A19103F-16F7-4668-BE54-9A1E7A4F7556}") = "Learning04", "prepare\Learning04\Learning04.csproj", "{7868AE3E-FB1D-47F9-8768-2AD777FA521A}"
EndProject
Project("{9A19103F-16F7-4668-BE54-9A1E7A4F7556}") = "Learning05", "prepare\Learning05\Learning05.csproj", "{21A694C9-E958-4758-99EE-13B11E72F4F5}"
EndProject
Project("{2150E333-8FDC-42A3-9474-1A3956D46DE8}") = "prove", "prove", "{BD8E1762-AED1-4464-9B2C-C80057DA4FD5}"
EndProject
Project("{9A19103F-16F7-4668-BE54-9A1E7A4F7556}") = "Develop02", "prove\Develop02\Develop02.csproj", "{CDEB279D-33DB-4CDC-A6ED-AEA637DBDF7A}"
EndProject
Project("{9A19103F-16F7-4668-BE54-9A1E7A4F7556}") = "Develop03", "prove\Develop03\Develop03.csproj", "{BF775AF6-5CBA-469C-8BA4-DEF6BA9BC765}"
EndProject
Project("{9A19103F-16F7-4668-BE54-9A1E7A4F7556}") = "Develop04", "prove\Develop04\Develop04.csproj", "{60F70949-FF42-4E0A-91EE-BAF02644B65D}"
EndProject
Project("{9A19103F-16F7-4668-BE54-9A1E7A4F7556}") = "Develop05", "prove\Develop05\Develop05.csproj", "{5833A104-032B-4B1A-B5D2-7E066A284295}"
EndProject
Project("{2150E333-8FDC-42A3-9474-1A3956D46DE8}") = "sandbox", "sandbox", "{38545850-D031-415D-8D24-1C498C5D3552}"
EndProject
Project("{9A19103F-16F7-4668-BE54-9A1E7A4F7556}") = "Sandbox", "sandbox\Sandbox\Sandbox.csproj", "{B32A5E69-F9C3-4711-9F34-19824228F2DB}"
EndProject
Global
	GlobalSection(SolutionConfigurationPlatforms) = preSolution
		Debug|Any CPU = Debug|Any CPU
		Release|Any CPU = Release|Any CPU
	EndGlobalSection
	GlobalSection(ProjectConfigurationPlatforms) = postSolution
		{D1B28426-2636-460F-BF5A-F3A3259102D4}.Debug|Any CPU.ActiveCfg = Debug|Any CPU
		{D1B28426-2636-460F-BF5A-F3A3259102D4}.Debug|Any CPU.Build.0 = Debug|Any CPU
		{D1B28426-2636-460F-BF5A-F3A3259102D4}.Release|Any CPU.ActiveCfg = Release|Any CPU
		{D1B28426-2636-460F-BF5A-F3A3259102D4}.Release|Any CPU.Build.0 = Release|Any CPU
		{2D6B2F87-3064-4609-9177-203838CDDE34}.Debug|Any CPU.ActiveCfg = Debug|Any CPU
		{2D6B2F87-3064-4609-9177-203838CDDE34}.Debug|Any CPU.Build.0 = Debug|Any CPU
		{2D6B2F87-3064-4609-9177-203838CDDE34}.Release|Any CPU.ActiveCfg = Release|Any CPU
		{2D6B2F87-3064-4609-9177-203838CDDE34}.Release|Any CPU.Build.0 = Release|Any CPU
		{B6091591-57CE-41AC-88C5-F4DBE39C7978}.Debug|Any CPU.ActiveCfg = Debug|Any CPU
		{B6091591-57CE-41AC-88C5-F4DBE39C7978}.Debug|Any CPU.Build.0 = Debug|Any CPU
		{B6091591-57CE-41AC-88C5-F4DBE39C7978}.Release|Any CPU.ActiveCfg = Release|Any CPU
		{B6091591-57CE-41AC-88C5-F4DBE39C7978}.Release|Any CPU.Build.0 = Release|Any CPU
		{7C7C4782-9400-46E0-80A1-73778F333AD7}.Debug|Any CPU.ActiveCfg = Debug|Any CPU
		{7C7C4782-9400-46E0-80A1-73778F333AD7}.Debug|Any CPU.Build.0 = Debug|Any CPU
		{7C7C4782-9400-46E0-80A1-73778F333AD7}.Release|Any CPU.ActiveCfg = Release|Any CPU
		{7C7C4782-9400-46E0-80A1-73778F333AD7}.Release|Any CPU.Build.0 = Release|Any CPU
		{74CDECEC-E0ED-44E1-B4DE-A0E3E0BE407D}.Debug|Any CPU.ActiveCfg = Debug|Any CPU
		{74CDECEC-E0ED-44E1-B4DE-A0E3E0BE407D}.Debug|Any CPU.Build.0 = Debug|Any CPU
		{74CDECEC-E0ED-44E1-B4DE-A0E3E0BE407D}.Release|Any CPU.ActiveCfg = Release|Any CPU
		{74CDECEC-E0ED-44E1-B4DE-A0E3E0BE407D}.Release|Any CPU.Build.0 = Release|Any CPU
		{F9768412-1791-49DE-AF1F-75B1650E36A6}.Debug|Any CPU.ActiveCfg = Debug|Any CPU
		{F9768412-1791-49DE-AF1F-75B1650E36A6}.Debug|Any CPU.Build.0 = Debug|Any CPU
		{F9768412-1791-49DE-AF1F-75B1650E36A6}.Release|Any CPU.ActiveCfg = Release|Any CPU
		{F9768412-1791-49DE-AF1F-75B1650E36A6}.Release|Any CPU.Build.0 = Release|Any CPU
		{356067DA-1C56-45EE-9E81-A4C4306E2CF1}.Debug|Any CPU.ActiveCfg = Debug|Any CPU
		{356067DA-1C56-45EE-9E81-A4C4306E2CF1}.Debug|Any CPU.Build.0 = Debug|Any CPU
		{356067DA-1C56-45EE-9E81-A4C4306E2CF1}.Release|Any CPU.ActiveCfg = Release|Any CPU
		{356067DA-1C56-45EE-9E81-A4C4306E2CF1}.Release|Any CPU.Build.0 = Release|Any CPU
		{247D65D4-7ACC-4A9F-8837-91B2ED65DA95}.Debug|Any CPU.ActiveCfg = Debug|Any CPU
		{247D65D4-7ACC-4A9F-8837-91B2ED65DA95}.Debug|Any CPU.Build.0 = Debug|Any CPU
		{247D65D4-7ACC-4A9F-8837-91B2ED65DA95}.Release|Any CPU.ActiveCfg = Release|Any CPU
		{247D65D4-7ACC-4A9F-8837-91B2ED65DA95}.Release|Any CPU.Build.0 = Release|Any CPU
		{5E6F7DA4-4098-4387-8B54-220DDCEFEE66}.Debug|Any CPU.ActiveCfg = Debug|Any CPU
		{5E6F7DA4-4098-4387-8B54-220DDCEFEE66}.Debug|Any CPU.Build.0 = Debug|Any CPU
		{5E6F7DA4-4098-4387-8B54-220DDCEFEE66}.Release|Any CPU.ActiveCfg = Release|Any CPU
		{5E6F7DA4-4098-4387-8B54-220DDCEFEE66}.Release|Any CPU.Build.0 = Release|Any CPU
		{9D9AA084-FBA6-4D69-84A1-4A0BB2119FE7}.Debug|Any CPU.ActiveCfg = Debug|Any CPU
		{9D9AA084-FBA6-4D69-84A1-4A0BB2119FE7}.Debug|Any CPU.Build.0 = Debug|Any CPU
		{9D9AA084-FBA6-4D69-84A1-4A0BB2119FE7}.Release|Any CPU.ActiveCfg = Release|Any CPU
		{9D9AA084-FBA6-4D69-84A1-4A0BB2119FE7}.Release|Any CPU.Build.0 = Release|Any CPU
		{7CC84FC6-AAC3-4511-9653-13158A82B0EA}.Debug|Any CPU.ActiveCfg = Debug|Any CPU
		{7CC84FC6-AAC3-4511-9653-13158A82B0EA}.Debug|Any CPU.Build.0 = Debug|Any CPU
		{7CC84FC6-AAC3-4511-9653-13158A82B0EA}.Release|Any CPU.ActiveCfg = Release|Any CPU
		{7CC84FC6-AAC3-4511-9653-13158A82B0EA}.Release|Any CPU.Build.0 = Release|Any CPU
		{ED01343F-D556-4258-B094-B64DCDAFE22C}.Debug|Any CPU.ActiveCfg = Debug|Any CPU
		{ED01343F-D556-4258-B094-B64DCDAFE22C}.Debug|Any CPU.Build.0 = Debug|Any CPU
		{ED01343F-D556-4258-B094-B64DCDAFE22C}.Release|Any CPU.ActiveCfg = Release|Any CPU
		{ED01343F-D556-4258-B094-B64DCDAFE22C}.Release|Any CPU.Build.0 = Release|Any CPU
		{7868AE3E-FB1D-47F9-8768-2AD777FA521A}.Debug|Any CPU.ActiveCfg = Debug|Any CPU
		{7868AE3E-FB1D-47F9-8768-2AD777FA521A}.Debug|Any CPU.Build.0 = Debug|Any CPU
		{7868AE3E-FB1D-47F9-8768-2AD777FA521A}.Release|Any CPU.ActiveCfg = Release|Any CPU
		{7868AE3E-FB1D-47F9-8768-2AD777FA521A}.Release|Any CPU.Build.0 = Release|Any CPU
		{21A694C9-E958-4758-99EE-13B11E72F4F5}.Debug|Any CPU.ActiveCfg = Debug|Any CPU
		{21A694C9-E958-4758-99EE-13B11E72F4F5}.Debug|Any CPU.Build.0 = Debug|Any CPU
		{21A694C9-E958-4758-99EE-13B11E72F4F5}.Release|Any CPU.ActiveCfg = Release|Any CPU
		{21A694C9-E958-4758-99EE-13B11E72F4F5}.Release|Any CPU.Build.0 = Release|Any CPU
		{CDEB279D-33DB-4CDC-A6ED-AEA637DBDF7A}.Debug|Any CPU.ActiveCfg = Debug|Any CPU
		{CDEB279D-33DB-4CDC-A6ED-AEA637DBDF7A}.Debug|Any CPU.Build.0 = Debug|Any CPU
		{CDEB279D-33DB-4CDC-A6ED-AEA637DBDF7A}.Release|Any CPU.ActiveCfg = Release|Any CPU
		{CDEB279D-33DB-4CDC-A6ED-AEA637DBDF7A}.Release|Any CPU.Build.0 = Release|Any CPU
		{BF775AF6-5CBA-469C-8BA4-DEF6BA9BC765}.Debug|Any CPU.ActiveCfg = Debug|Any CPU
		{BF775AF6-5CBA-469C-8BA4-DEF6BA9BC765}.Debug|Any CPU.Build.0 = Debug|Any CPU
		{BF775AF6-5CBA-469C-8BA4-DEF6BA9BC765}.Release|Any CPU.ActiveCfg = Release|Any CPU
		{BF775AF6-5CBA-469C-8BA4-DEF6BA9BC765}.Release|Any CPU.Build.0 = Release|Any CPU
		{60F70949-FF42-4E0A-91EE-BAF02644B65D}.Debug|Any CPU.ActiveCfg = Debug|Any CPU
		{60F70949-FF42-4E0A-91EE-BAF02644B65D}.Debug|Any CPU.Build.0 = Debug|Any CPU
		{60F70949-FF42-4E0A-91EE-BAF02644B65D}.Release|Any CPU.ActiveCfg = Release|Any CPU
		{60F70949-FF42-4E0A-91EE-BAF02644B65D}.Release|Any CPU.Build.0 = Release|Any CPU
		{5833A104-032B-4B1A-B5D2-7E066A284295}.Debug|Any CPU.ActiveCfg = Debug|Any CPU
		{5833A104-032B-4B1A-B5D2-7E066A284295}.Debug|Any CPU.Build.0 = Debug|Any CPU
		{5833A104-032B-4B1A-B5D2-7E066A284295}.Release|Any CPU.ActiveCfg = Release|Any CPU
		{5833A104-032B-4B1A-B5D2-7E066A284295}.Release|Any CPU.Build.0 = Release|Any CPU
		{B32A5E69-F9C3-4711-9F34-19824228F2DB}.Debug|Any CPU.ActiveCfg = Debug|Any CPU
		{B32A5E69-F9C3-4711-9F34-19824228F2DB}.Debug|Any CPU.Build.0 = Debug|Any CPU
		{B32A5E69-F9C3-4711-9F34-19824228F2DB}.Release|Any CPU.ActiveCfg = Release|Any CPU
		{B32A5E69-F9C3-4711-9F34-19824228F2DB}.Release|Any CPU.Build.0 = Release|Any CPU
	EndGlobalSection
	GlobalSection(SolutionProperties) = preSolution
		HideSolutionNode = FALSE
	EndGlobalSection
	GlobalSection(NestedProjects) = preSolution
		{D1B28426-2636-460F-BF5A-F3A3259102D4} = {9A4C2D36-6DE8-4FEC-ACF0-F8DA2F68B7AF}
		{2D6B2F87-3064-4609-9177-203838CDDE34} = {9A4C2D36-6DE8-4FEC-ACF0-F8DA2F68B7AF}
		{B6091591-57CE-41AC-88C5-F4DBE39C7978} = {9A4C2D36-6DE8-4FEC-ACF0-F8DA2F68B7AF}
		{7C7C4782-9400-46E0-80A1-73778F333AD7} = {9A4C2D36-6DE8-4FEC-ACF0-F8DA2F68B7AF}
		{74CDECEC-E0ED-44E1-B4DE-A0E3E0BE407D} = {9A4C2D36-6DE8-4FEC-ACF0-F8DA2F68B7AF}
		{F9768412-1791-49DE-AF1F-75B1650E36A6} = {6EE05624-5997-4C4D-8C45-879FDD428003}
		{356067DA-1C56-45EE-9E81-A4C4306E2CF1} = {6EE05624-5997-4C4D-8C45-879FDD428003}
		{247D65D4-7ACC-4A9F-8837-91B2ED65DA95} = {6EE05624-5997-4C4D-8C45-879FDD428003}
		{5E6F7DA4-4098-4387-8B54-220DDCEFEE66} = {6EE05624-5997-4C4D-8C45-879FDD428003}
		{9D9AA084-FBA6-4D69-84A1-4A0BB2119FE7} = {6EE05624-5997-4C4D-8C45-879FDD428003}
		{7CC84FC6-AAC3-4511-9653-13158A82B0EA} = {476CC864-6160-4228-85D6-393E4428818E}
		{ED01343F-D556-4258-B094-B64DCDAFE22C} = {476CC864-6160-4228-85D6-393E4428818E}
		{7868AE3E-FB1D-47F9-8768-2AD777FA521A} = {476CC864-6160-4228-85D6-393E4428818E}
		{21A694C9-E958-4758-99EE-13B11E72F4F5} = {476CC864-6160-4228-85D6-393E4428818E}
		{CDEB279D-33DB-4CDC-A6ED-AEA637DBDF7A} = {BD8E1762-AED1-4464-9B2C-C80057DA4FD5}
		{BF775AF6-5CBA-469C-8BA4-DEF6BA9BC765} = {BD8E1762-AED1-4464-9B2C-C80057DA4FD5}
		{60F70949-FF42-4E0A-91EE-BAF02644B65D} = {BD8E1762-AED1-4464-9B2C-C80057DA4FD5}
		{5833A104-032B-4B1A-B5D2-7E066A284295} = {BD8E1762-AED1-4464-9B2C-C80057DA4FD5}
		{B32A5E69-F9C3-4711-9F34-19824228F2DB} = {38545850-D031-415D-8D24-1C498C5D3552}
	EndGlobalSection
	GlobalSection(ExtensibilityGlobals) = postSolution
		SolutionGuid = {F8C0FFE8-1F11-41EE-937F-1ED96186E7EE}
	EndGlobalSection
EndGlobal
